PODS:
  - Nimble (10.0.0)
  - Pharos (2.1.0)
  - Quick (5.0.1)

DEPENDENCIES:
  - Nimble (~> 10.0.0)
  - Pharos (from `../`)
  - Quick (~> 5.0.1)

SPEC REPOS:
  trunk:
    - Nimble
    - Quick

EXTERNAL SOURCES:
  Pharos:
    :path: "../"

SPEC CHECKSUMS:
  Nimble: 5316ef81a170ce87baf72dd961f22f89a602ff84
  Pharos: 42d15ba3c52f1ebe59d618e187382605cd243c3b
  Quick: 749aa754fd1e7d984f2000fe051e18a3a9809179

PODFILE CHECKSUM: a197f19dd7f1889cac91733b328749546ef511f0

COCOAPODS: 1.11.3
