{
  "object": {
    "pins": [
      {
        "package": "Chary",
        "repositoryURL": "https://github.com/hainayanda/Chary.git",
        "state": {
          "branch": null,
          "revision": "afcddefdd56cbd6df198382bd2c65c7998f8d240",
          "version": "1.0.2"
        }
      }
    ]
  },
  "version": 1
}
