// !$*UTF8*$!
{
	archiveVersion = 1;
	classes = {
	};
	objectVersion = 46;
	objects = {

/* Begin PBXBuildFile section */
		6637C15102A6B68C6B7D8486 /* Pods_Pharos_Tests.framework in Frameworks */ = {isa = PBXBuildFile; fileRef = 98AD26FD81DCF3BA9A0512B3 /* Pods_Pharos_Tests.framework */; };
		BB0EDCCC27ACF66800EB5D2C /* ObservableSpec.swift in Sources */ = {isa = PBXBuildFile; fileRef = BB0EDCCB27ACF66800EB5D2C /* ObservableSpec.swift */; };
		BB0EDCCE27AD24E600EB5D2C /* CombineSpec.swift in Sources */ = {isa = PBXBuildFile; fileRef = BB0EDCCD27AD24E600EB5D2C /* CombineSpec.swift */; };
		BB0EDCD127AD258400EB5D2C /* ChangeClassWrapper.swift in Sources */ = {isa = PBXBuildFile; fileRef = BB0EDCD027AD258400EB5D2C /* ChangeClassWrapper.swift */; };
		BB0EDCD427AD260900EB5D2C /* Extensions.swift in Sources */ = {isa = PBXBuildFile; fileRef = BB0EDCD327AD260900EB5D2C /* Extensions.swift */; };
		BB0EDCD627AD597400EB5D2C /* PublisherSpec.swift in Sources */ = {isa = PBXBuildFile; fileRef = BB0EDCD527AD597400EB5D2C /* PublisherSpec.swift */; };
		BB94D14E27AC34DF00B17ED9 /* BindSpec.swift in Sources */ = {isa = PBXBuildFile; fileRef = BB94D14D27AC34DF00B17ED9 /* BindSpec.swift */; };
		BB94D15D27AC64C500B17ED9 /* UIImageViewRelayCollectionSpec.swift in Sources */ = {isa = PBXBuildFile; fileRef = BB94D14F27AC64C500B17ED9 /* UIImageViewRelayCollectionSpec.swift */; };
		BB94D15E27AC64C500B17ED9 /* TextInputRelayCollectionSpec.swift in Sources */ = {isa = PBXBuildFile; fileRef = BB94D15027AC64C500B17ED9 /* TextInputRelayCollectionSpec.swift */; };
		BB94D15F27AC64C500B17ED9 /* UILabelRelayCollectionSpec.swift in Sources */ = {isa = PBXBuildFile; fileRef = BB94D15127AC64C500B17ED9 /* UILabelRelayCollectionSpec.swift */; };
		BB94D16027AC64C500B17ED9 /* UITableViewRelayCollectionSpec.swift in Sources */ = {isa = PBXBuildFile; fileRef = BB94D15227AC64C500B17ED9 /* UITableViewRelayCollectionSpec.swift */; };
		BB94D16127AC64C500B17ED9 /* UIControlRelayCollectionSpec.swift in Sources */ = {isa = PBXBuildFile; fileRef = BB94D15327AC64C500B17ED9 /* UIControlRelayCollectionSpec.swift */; };
		BB94D16227AC64C500B17ED9 /* UIScrollViewRelayCollectionSpec.swift in Sources */ = {isa = PBXBuildFile; fileRef = BB94D15427AC64C500B17ED9 /* UIScrollViewRelayCollectionSpec.swift */; };
		BB94D16327AC64C500B17ED9 /* UISliderRelayCollectionSpec.swift in Sources */ = {isa = PBXBuildFile; fileRef = BB94D15527AC64C500B17ED9 /* UISliderRelayCollectionSpec.swift */; };
		BB94D16427AC64C500B17ED9 /* UICollectionViewRelayCollectionSpec.swift in Sources */ = {isa = PBXBuildFile; fileRef = BB94D15627AC64C500B17ED9 /* UICollectionViewRelayCollectionSpec.swift */; };
		BB94D16527AC64C500B17ED9 /* UIButtonRelayCollectionSpec.swift in Sources */ = {isa = PBXBuildFile; fileRef = BB94D15727AC64C500B17ED9 /* UIButtonRelayCollectionSpec.swift */; };
		BB94D16627AC64C500B17ED9 /* UIStackViewRelayCollectionSpec.swift in Sources */ = {isa = PBXBuildFile; fileRef = BB94D15827AC64C500B17ED9 /* UIStackViewRelayCollectionSpec.swift */; };
		BB94D16727AC64C500B17ED9 /* UISwitchRelayCollectionSpec.swift in Sources */ = {isa = PBXBuildFile; fileRef = BB94D15927AC64C500B17ED9 /* UISwitchRelayCollectionSpec.swift */; };
		BB94D16827AC64C500B17ED9 /* CellInputRelayCollectionSpec.swift in Sources */ = {isa = PBXBuildFile; fileRef = BB94D15A27AC64C500B17ED9 /* CellInputRelayCollectionSpec.swift */; };
		BB94D16927AC64C500B17ED9 /* UIStepperRelayCollectionSpec.swift in Sources */ = {isa = PBXBuildFile; fileRef = BB94D15B27AC64C500B17ED9 /* UIStepperRelayCollectionSpec.swift */; };
		BB94D16A27AC64C500B17ED9 /* ViewRelayCollectionSpec.swift in Sources */ = {isa = PBXBuildFile; fileRef = BB94D15C27AC64C500B17ED9 /* ViewRelayCollectionSpec.swift */; };
		BB94D16C27AC64D300B17ED9 /* BindableRelayTester.swift in Sources */ = {isa = PBXBuildFile; fileRef = BB94D16B27AC64D300B17ED9 /* BindableRelayTester.swift */; };
/* End PBXBuildFile section */

/* Begin PBXFileReference section */
		607FACE51AFB9204008FA782 /* Pharos_Tests.xctest */ = {isa = PBXFileReference; explicitFileType = wrapper.cfbundle; includeInIndex = 0; path = Pharos_Tests.xctest; sourceTree = BUILT_PRODUCTS_DIR; };
		607FACEA1AFB9204008FA782 /* Info.plist */ = {isa = PBXFileReference; lastKnownFileType = text.plist.xml; path = Info.plist; sourceTree = "<group>"; };
		6455C0B2D43425514B643939 /* Pods-Pharos_Tests.debug.xcconfig */ = {isa = PBXFileReference; includeInIndex = 1; lastKnownFileType = text.xcconfig; name = "Pods-Pharos_Tests.debug.xcconfig"; path = "Target Support Files/Pods-Pharos_Tests/Pods-Pharos_Tests.debug.xcconfig"; sourceTree = "<group>"; };
		8E4E92505E33F1AD20F8D48F /* Pods-Pharos_Tests.release.xcconfig */ = {isa = PBXFileReference; includeInIndex = 1; lastKnownFileType = text.xcconfig; name = "Pods-Pharos_Tests.release.xcconfig"; path = "Target Support Files/Pods-Pharos_Tests/Pods-Pharos_Tests.release.xcconfig"; sourceTree = "<group>"; };
		96427FB076AEC3F72B8CFE14 /* README.md */ = {isa = PBXFileReference; includeInIndex = 1; lastKnownFileType = net.daringfireball.markdown; name = README.md; path = ../README.md; sourceTree = "<group>"; };
		98AD26FD81DCF3BA9A0512B3 /* Pods_Pharos_Tests.framework */ = {isa = PBXFileReference; explicitFileType = wrapper.framework; includeInIndex = 0; path = Pods_Pharos_Tests.framework; sourceTree = BUILT_PRODUCTS_DIR; };
		AC9E4AF481F13ADEA7D3697D /* Pharos.podspec */ = {isa = PBXFileReference; includeInIndex = 1; lastKnownFileType = text; name = Pharos.podspec; path = ../Pharos.podspec; sourceTree = "<group>"; xcLanguageSpecificationIdentifier = xcode.lang.ruby; };
		BB0EDCCB27ACF66800EB5D2C /* ObservableSpec.swift */ = {isa = PBXFileReference; lastKnownFileType = sourcecode.swift; path = ObservableSpec.swift; sourceTree = "<group>"; };
		BB0EDCCD27AD24E600EB5D2C /* CombineSpec.swift */ = {isa = PBXFileReference; lastKnownFileType = sourcecode.swift; path = CombineSpec.swift; sourceTree = "<group>"; };
		BB0EDCD027AD258400EB5D2C /* ChangeClassWrapper.swift */ = {isa = PBXFileReference; lastKnownFileType = sourcecode.swift; path = ChangeClassWrapper.swift; sourceTree = "<group>"; };
		BB0EDCD327AD260900EB5D2C /* Extensions.swift */ = {isa = PBXFileReference; lastKnownFileType = sourcecode.swift; path = Extensions.swift; sourceTree = "<group>"; };
		BB0EDCD527AD597400EB5D2C /* PublisherSpec.swift */ = {isa = PBXFileReference; lastKnownFileType = sourcecode.swift; path = PublisherSpec.swift; sourceTree = "<group>"; };
		BB94D14C27AC34DF00B17ED9 /* Pharos_Tests-Bridging-Header.h */ = {isa = PBXFileReference; lastKnownFileType = sourcecode.c.h; path = "Pharos_Tests-Bridging-Header.h"; sourceTree = "<group>"; };
		BB94D14D27AC34DF00B17ED9 /* BindSpec.swift */ = {isa = PBXFileReference; fileEncoding = 4; lastKnownFileType = sourcecode.swift; path = BindSpec.swift; sourceTree = "<group>"; };
		BB94D14F27AC64C500B17ED9 /* UIImageViewRelayCollectionSpec.swift */ = {isa = PBXFileReference; fileEncoding = 4; lastKnownFileType = sourcecode.swift; path = UIImageViewRelayCollectionSpec.swift; sourceTree = "<group>"; };
		BB94D15027AC64C500B17ED9 /* TextInputRelayCollectionSpec.swift */ = {isa = PBXFileReference; fileEncoding = 4; lastKnownFileType = sourcecode.swift; path = TextInputRelayCollectionSpec.swift; sourceTree = "<group>"; };
		BB94D15127AC64C500B17ED9 /* UILabelRelayCollectionSpec.swift */ = {isa = PBXFileReference; fileEncoding = 4; lastKnownFileType = sourcecode.swift; path = UILabelRelayCollectionSpec.swift; sourceTree = "<group>"; };
		BB94D15227AC64C500B17ED9 /* UITableViewRelayCollectionSpec.swift */ = {isa = PBXFileReference; fileEncoding = 4; lastKnownFileType = sourcecode.swift; path = UITableViewRelayCollectionSpec.swift; sourceTree = "<group>"; };
		BB94D15327AC64C500B17ED9 /* UIControlRelayCollectionSpec.swift */ = {isa = PBXFileReference; fileEncoding = 4; lastKnownFileType = sourcecode.swift; path = UIControlRelayCollectionSpec.swift; sourceTree = "<group>"; };
		BB94D15427AC64C500B17ED9 /* UIScrollViewRelayCollectionSpec.swift */ = {isa = PBXFileReference; fileEncoding = 4; lastKnownFileType = sourcecode.swift; path = UIScrollViewRelayCollectionSpec.swift; sourceTree = "<group>"; };
		BB94D15527AC64C500B17ED9 /* UISliderRelayCollectionSpec.swift */ = {isa = PBXFileReference; fileEncoding = 4; lastKnownFileType = sourcecode.swift; path = UISliderRelayCollectionSpec.swift; sourceTree = "<group>"; };
		BB94D15627AC64C500B17ED9 /* UICollectionViewRelayCollectionSpec.swift */ = {isa = PBXFileReference; fileEncoding = 4; lastKnownFileType = sourcecode.swift; path = UICollectionViewRelayCollectionSpec.swift; sourceTree = "<group>"; };
		BB94D15727AC64C500B17ED9 /* UIButtonRelayCollectionSpec.swift */ = {isa = PBXFileReference; fileEncoding = 4; lastKnownFileType = sourcecode.swift; path = UIButtonRelayCollectionSpec.swift; sourceTree = "<group>"; };
		BB94D15827AC64C500B17ED9 /* UIStackViewRelayCollectionSpec.swift */ = {isa = PBXFileReference; fileEncoding = 4; lastKnownFileType = sourcecode.swift; path = UIStackViewRelayCollectionSpec.swift; sourceTree = "<group>"; };
		BB94D15927AC64C500B17ED9 /* UISwitchRelayCollectionSpec.swift */ = {isa = PBXFileReference; fileEncoding = 4; lastKnownFileType = sourcecode.swift; path = UISwitchRelayCollectionSpec.swift; sourceTree = "<group>"; };
		BB94D15A27AC64C500B17ED9 /* CellInputRelayCollectionSpec.swift */ = {isa = PBXFileReference; fileEncoding = 4; lastKnownFileType = sourcecode.swift; path = CellInputRelayCollectionSpec.swift; sourceTree = "<group>"; };
		BB94D15B27AC64C500B17ED9 /* UIStepperRelayCollectionSpec.swift */ = {isa = PBXFileReference; fileEncoding = 4; lastKnownFileType = sourcecode.swift; path = UIStepperRelayCollectionSpec.swift; sourceTree = "<group>"; };
		BB94D15C27AC64C500B17ED9 /* ViewRelayCollectionSpec.swift */ = {isa = PBXFileReference; fileEncoding = 4; lastKnownFileType = sourcecode.swift; path = ViewRelayCollectionSpec.swift; sourceTree = "<group>"; };
		BB94D16B27AC64D300B17ED9 /* BindableRelayTester.swift */ = {isa = PBXFileReference; fileEncoding = 4; lastKnownFileType = sourcecode.swift; path = BindableRelayTester.swift; sourceTree = "<group>"; };
		CDD394D6EBAB1D2D08A68AA7 /* LICENSE */ = {isa = PBXFileReference; includeInIndex = 1; lastKnownFileType = text; name = LICENSE; path = ../LICENSE; sourceTree = "<group>"; };
/* End PBXFileReference section */

/* Begin PBXFrameworksBuildPhase section */
		607FACE21AFB9204008FA782 /* Frameworks */ = {
			isa = PBXFrameworksBuildPhase;
			buildActionMask = 2147483647;
			files = (
				6637C15102A6B68C6B7D8486 /* Pods_Pharos_Tests.framework in Frameworks */,
			);
			runOnlyForDeploymentPostprocessing = 0;
		};
/* End PBXFrameworksBuildPhase section */

/* Begin PBXGroup section */
		607FACC71AFB9204008FA782 = {
			isa = PBXGroup;
			children = (
				607FACF51AFB993E008FA782 /* Podspec Metadata */,
				607FACE81AFB9204008FA782 /* Tests */,
				607FACD11AFB9204008FA782 /* Products */,
				E4B69CA72C07D2716FE43A0A /* Pods */,
				FFFE82AB6BD6D189C9532031 /* Frameworks */,
			);
			sourceTree = "<group>";
		};
		607FACD11AFB9204008FA782 /* Products */ = {
			isa = PBXGroup;
			children = (
				607FACE51AFB9204008FA782 /* Pharos_Tests.xctest */,
			);
			name = Products;
			sourceTree = "<group>";
		};
		607FACE81AFB9204008FA782 /* Tests */ = {
			isa = PBXGroup;
			children = (
				BB0EDCD227AD25BB00EB5D2C /* BasicTest */,
				BB0EDCCF27AD257300EB5D2C /* Helper */,
				BB6128C0267E101400D1670D /* Tester */,
				BB6128BE267E0FF800D1670D /* PopulatedRelays */,
				607FACE91AFB9204008FA782 /* Supporting Files */,
				BB94D14C27AC34DF00B17ED9 /* Pharos_Tests-Bridging-Header.h */,
			);
			path = Tests;
			sourceTree = "<group>";
		};
		607FACE91AFB9204008FA782 /* Supporting Files */ = {
			isa = PBXGroup;
			children = (
				607FACEA1AFB9204008FA782 /* Info.plist */,
			);
			name = "Supporting Files";
			sourceTree = "<group>";
		};
		607FACF51AFB993E008FA782 /* Podspec Metadata */ = {
			isa = PBXGroup;
			children = (
				AC9E4AF481F13ADEA7D3697D /* Pharos.podspec */,
				96427FB076AEC3F72B8CFE14 /* README.md */,
				CDD394D6EBAB1D2D08A68AA7 /* LICENSE */,
			);
			name = "Podspec Metadata";
			sourceTree = "<group>";
		};
		BB0EDCCF27AD257300EB5D2C /* Helper */ = {
			isa = PBXGroup;
			children = (
				BB0EDCD027AD258400EB5D2C /* ChangeClassWrapper.swift */,
				BB0EDCD327AD260900EB5D2C /* Extensions.swift */,
			);
			path = Helper;
			sourceTree = "<group>";
		};
		BB0EDCD227AD25BB00EB5D2C /* BasicTest */ = {
			isa = PBXGroup;
			children = (
				BB0EDCCB27ACF66800EB5D2C /* ObservableSpec.swift */,
				BB0EDCCD27AD24E600EB5D2C /* CombineSpec.swift */,
				BB94D14D27AC34DF00B17ED9 /* BindSpec.swift */,
				BB0EDCD527AD597400EB5D2C /* PublisherSpec.swift */,
			);
			path = BasicTest;
			sourceTree = "<group>";
		};
		BB6128BE267E0FF800D1670D /* PopulatedRelays */ = {
			isa = PBXGroup;
			children = (
				BB94D15A27AC64C500B17ED9 /* CellInputRelayCollectionSpec.swift */,
				BB94D15027AC64C500B17ED9 /* TextInputRelayCollectionSpec.swift */,
				BB94D15727AC64C500B17ED9 /* UIButtonRelayCollectionSpec.swift */,
				BB94D15627AC64C500B17ED9 /* UICollectionViewRelayCollectionSpec.swift */,
				BB94D15327AC64C500B17ED9 /* UIControlRelayCollectionSpec.swift */,
				BB94D14F27AC64C500B17ED9 /* UIImageViewRelayCollectionSpec.swift */,
				BB94D15127AC64C500B17ED9 /* UILabelRelayCollectionSpec.swift */,
				BB94D15427AC64C500B17ED9 /* UIScrollViewRelayCollectionSpec.swift */,
				BB94D15527AC64C500B17ED9 /* UISliderRelayCollectionSpec.swift */,
				BB94D15827AC64C500B17ED9 /* UIStackViewRelayCollectionSpec.swift */,
				BB94D15B27AC64C500B17ED9 /* UIStepperRelayCollectionSpec.swift */,
				BB94D15927AC64C500B17ED9 /* UISwitchRelayCollectionSpec.swift */,
				BB94D15227AC64C500B17ED9 /* UITableViewRelayCollectionSpec.swift */,
				BB94D15C27AC64C500B17ED9 /* ViewRelayCollectionSpec.swift */,
			);
			path = PopulatedRelays;
			sourceTree = "<group>";
		};
		BB6128C0267E101400D1670D /* Tester */ = {
			isa = PBXGroup;
			children = (
				BB94D16B27AC64D300B17ED9 /* BindableRelayTester.swift */,
			);
			path = Tester;
			sourceTree = "<group>";
		};
		E4B69CA72C07D2716FE43A0A /* Pods */ = {
			isa = PBXGroup;
			children = (
				6455C0B2D43425514B643939 /* Pods-Pharos_Tests.debug.xcconfig */,
				8E4E92505E33F1AD20F8D48F /* Pods-Pharos_Tests.release.xcconfig */,
			);
			path = Pods;
			sourceTree = "<group>";
		};
		FFFE82AB6BD6D189C9532031 /* Frameworks */ = {
			isa = PBXGroup;
			children = (
				98AD26FD81DCF3BA9A0512B3 /* Pods_Pharos_Tests.framework */,
			);
			name = Frameworks;
			sourceTree = "<group>";
		};
/* End PBXGroup section */

/* Begin PBXNativeTarget section */
		607FACE41AFB9204008FA782 /* Pharos_Tests */ = {
			isa = PBXNativeTarget;
			buildConfigurationList = 607FACF21AFB9204008FA782 /* Build configuration list for PBXNativeTarget "Pharos_Tests" */;
			buildPhases = (
				AC39CE4C452873C377AF66FF /* [CP] Check Pods Manifest.lock */,
				607FACE11AFB9204008FA782 /* Sources */,
				607FACE21AFB9204008FA782 /* Frameworks */,
				607FACE31AFB9204008FA782 /* Resources */,
				DB1842ED08AF5B0CB264F048 /* [CP] Embed Pods Frameworks */,
			);
			buildRules = (
			);
			dependencies = (
			);
			name = Pharos_Tests;
			productName = Tests;
			productReference = 607FACE51AFB9204008FA782 /* Pharos_Tests.xctest */;
			productType = "com.apple.product-type.bundle.unit-test";
		};
/* End PBXNativeTarget section */

/* Begin PBXProject section */
		607FACC81AFB9204008FA782 /* Project object */ = {
			isa = PBXProject;
			attributes = {
				LastSwiftUpdateCheck = 0830;
				LastUpgradeCheck = 1320;
				ORGANIZATIONNAME = CocoaPods;
				TargetAttributes = {
					607FACE41AFB9204008FA782 = {
						CreatedOnToolsVersion = 6.3.1;
						LastSwiftMigration = 1320;
					};
				};
			};
			buildConfigurationList = 607FACCB1AFB9204008FA782 /* Build configuration list for PBXProject "Pharos" */;
			compatibilityVersion = "Xcode 3.2";
			developmentRegion = English;
			hasScannedForEncodings = 0;
			knownRegions = (
				English,
				en,
				Base,
			);
			mainGroup = 607FACC71AFB9204008FA782;
			productRefGroup = 607FACD11AFB9204008FA782 /* Products */;
			projectDirPath = "";
			projectRoot = "";
			targets = (
				607FACE41AFB9204008FA782 /* Pharos_Tests */,
			);
		};
/* End PBXProject section */

/* Begin PBXResourcesBuildPhase section */
		607FACE31AFB9204008FA782 /* Resources */ = {
			isa = PBXResourcesBuildPhase;
			buildActionMask = 2147483647;
			files = (
			);
			runOnlyForDeploymentPostprocessing = 0;
		};
/* End PBXResourcesBuildPhase section */

/* Begin PBXShellScriptBuildPhase section */
		AC39CE4C452873C377AF66FF /* [CP] Check Pods Manifest.lock */ = {
			isa = PBXShellScriptBuildPhase;
			buildActionMask = 2147483647;
			files = (
			);
			inputFileListPaths = (
			);
			inputPaths = (
				"${PODS_PODFILE_DIR_PATH}/Podfile.lock",
				"${PODS_ROOT}/Manifest.lock",
			);
			name = "[CP] Check Pods Manifest.lock";
			outputFileListPaths = (
			);
			outputPaths = (
				"$(DERIVED_FILE_DIR)/Pods-Pharos_Tests-checkManifestLockResult.txt",
			);
			runOnlyForDeploymentPostprocessing = 0;
			shellPath = /bin/sh;
			shellScript = "diff \"${PODS_PODFILE_DIR_PATH}/Podfile.lock\" \"${PODS_ROOT}/Manifest.lock\" > /dev/null\nif [ $? != 0 ] ; then\n    # print error to STDERR\n    echo \"error: The sandbox is not in sync with the Podfile.lock. Run 'pod install' or update your CocoaPods installation.\" >&2\n    exit 1\nfi\n# This output is used by Xcode 'outputs' to avoid re-running this script phase.\necho \"SUCCESS\" > \"${SCRIPT_OUTPUT_FILE_0}\"\n";
			showEnvVarsInLog = 0;
		};
		DB1842ED08AF5B0CB264F048 /* [CP] Embed Pods Frameworks */ = {
			isa = PBXShellScriptBuildPhase;
			buildActionMask = 2147483647;
			files = (
			);
			inputPaths = (
				"${PODS_ROOT}/Target Support Files/Pods-Pharos_Tests/Pods-Pharos_Tests-frameworks.sh",
				"${BUILT_PRODUCTS_DIR}/Chary/Chary.framework",
				"${BUILT_PRODUCTS_DIR}/Nimble/Nimble.framework",
				"${BUILT_PRODUCTS_DIR}/Pharos/Pharos.framework",
				"${BUILT_PRODUCTS_DIR}/Quick/Quick.framework",
			);
			name = "[CP] Embed Pods Frameworks";
			outputPaths = (
				"${TARGET_BUILD_DIR}/${FRAMEWORKS_FOLDER_PATH}/Chary.framework",
				"${TARGET_BUILD_DIR}/${FRAMEWORKS_FOLDER_PATH}/Nimble.framework",
				"${TARGET_BUILD_DIR}/${FRAMEWORKS_FOLDER_PATH}/Pharos.framework",
				"${TARGET_BUILD_DIR}/${FRAMEWORKS_FOLDER_PATH}/Quick.framework",
			);
			runOnlyForDeploymentPostprocessing = 0;
			shellPath = /bin/sh;
			shellScript = "\"${PODS_ROOT}/Target Support Files/Pods-Pharos_Tests/Pods-Pharos_Tests-frameworks.sh\"\n";
			showEnvVarsInLog = 0;
		};
/* End PBXShellScriptBuildPhase section */

/* Begin PBXSourcesBuildPhase section */
		607FACE11AFB9204008FA782 /* Sources */ = {
			isa = PBXSourcesBuildPhase;
			buildActionMask = 2147483647;
			files = (
				BB0EDCCC27ACF66800EB5D2C /* ObservableSpec.swift in Sources */,
				BB94D14E27AC34DF00B17ED9 /* BindSpec.swift in Sources */,
				BB94D15D27AC64C500B17ED9 /* UIImageViewRelayCollectionSpec.swift in Sources */,
				BB94D16927AC64C500B17ED9 /* UIStepperRelayCollectionSpec.swift in Sources */,
				BB0EDCCE27AD24E600EB5D2C /* CombineSpec.swift in Sources */,
				BB94D16127AC64C500B17ED9 /* UIControlRelayCollectionSpec.swift in Sources */,
				BB0EDCD627AD597400EB5D2C /* PublisherSpec.swift in Sources */,
				BB94D16C27AC64D300B17ED9 /* BindableRelayTester.swift in Sources */,
				BB94D16327AC64C500B17ED9 /* UISliderRelayCollectionSpec.swift in Sources */,
				BB94D16A27AC64C500B17ED9 /* ViewRelayCollectionSpec.swift in Sources */,
				BB94D16527AC64C500B17ED9 /* UIButtonRelayCollectionSpec.swift in Sources */,
				BB94D15F27AC64C500B17ED9 /* UILabelRelayCollectionSpec.swift in Sources */,
				BB94D16827AC64C500B17ED9 /* CellInputRelayCollectionSpec.swift in Sources */,
				BB94D15E27AC64C500B17ED9 /* TextInputRelayCollectionSpec.swift in Sources */,
				BB94D16027AC64C500B17ED9 /* UITableViewRelayCollectionSpec.swift in Sources */,
				BB0EDCD127AD258400EB5D2C /* ChangeClassWrapper.swift in Sources */,
				BB0EDCD427AD260900EB5D2C /* Extensions.swift in Sources */,
				BB94D16727AC64C500B17ED9 /* UISwitchRelayCollectionSpec.swift in Sources */,
				BB94D16627AC64C500B17ED9 /* UIStackViewRelayCollectionSpec.swift in Sources */,
				BB94D16227AC64C500B17ED9 /* UIScrollViewRelayCollectionSpec.swift in Sources */,
				BB94D16427AC64C500B17ED9 /* UICollectionViewRelayCollectionSpec.swift in Sources */,
			);
			runOnlyForDeploymentPostprocessing = 0;
		};
/* End PBXSourcesBuildPhase section */

/* Begin XCBuildConfiguration section */
		607FACED1AFB9204008FA782 /* Debug */ = {
			isa = XCBuildConfiguration;
			buildSettings = {
				ALWAYS_SEARCH_USER_PATHS = NO;
				CLANG_ANALYZER_LOCALIZABILITY_NONLOCALIZED = YES;
				CLANG_CXX_LANGUAGE_STANDARD = "gnu++0x";
				CLANG_CXX_LIBRARY = "libc++";
				CLANG_ENABLE_MODULES = YES;
				CLANG_ENABLE_OBJC_ARC = YES;
				CLANG_WARN_BLOCK_CAPTURE_AUTORELEASING = YES;
				CLANG_WARN_BOOL_CONVERSION = YES;
				CLANG_WARN_COMMA = YES;
				CLANG_WARN_CONSTANT_CONVERSION = YES;
				CLANG_WARN_DEPRECATED_OBJC_IMPLEMENTATIONS = YES;
				CLANG_WARN_DIRECT_OBJC_ISA_USAGE = YES_ERROR;
				CLANG_WARN_EMPTY_BODY = YES;
				CLANG_WARN_ENUM_CONVERSION = YES;
				CLANG_WARN_INFINITE_RECURSION = YES;
				CLANG_WARN_INT_CONVERSION = YES;
				CLANG_WARN_NON_LITERAL_NULL_CONVERSION = YES;
				CLANG_WARN_OBJC_IMPLICIT_RETAIN_SELF = YES;
				CLANG_WARN_OBJC_LITERAL_CONVERSION = YES;
				CLANG_WARN_OBJC_ROOT_CLASS = YES_ERROR;
				CLANG_WARN_QUOTED_INCLUDE_IN_FRAMEWORK_HEADER = YES;
				CLANG_WARN_RANGE_LOOP_ANALYSIS = YES;
				CLANG_WARN_STRICT_PROTOTYPES = YES;
				CLANG_WARN_SUSPICIOUS_MOVE = YES;
				CLANG_WARN_UNREACHABLE_CODE = YES;
				CLANG_WARN__DUPLICATE_METHOD_MATCH = YES;
				"CODE_SIGN_IDENTITY[sdk=iphoneos*]" = "iPhone Developer";
				COPY_PHASE_STRIP = NO;
				DEBUG_INFORMATION_FORMAT = "dwarf-with-dsym";
				ENABLE_STRICT_OBJC_MSGSEND = YES;
				ENABLE_TESTABILITY = YES;
				GCC_C_LANGUAGE_STANDARD = gnu99;
				GCC_DYNAMIC_NO_PIC = NO;
				GCC_NO_COMMON_BLOCKS = YES;
				GCC_OPTIMIZATION_LEVEL = 0;
				GCC_PREPROCESSOR_DEFINITIONS = (
					"DEBUG=1",
					"$(inherited)",
				);
				GCC_SYMBOLS_PRIVATE_EXTERN = NO;
				GCC_WARN_64_TO_32_BIT_CONVERSION = YES;
				GCC_WARN_ABOUT_RETURN_TYPE = YES_ERROR;
				GCC_WARN_UNDECLARED_SELECTOR = YES;
				GCC_WARN_UNINITIALIZED_AUTOS = YES_AGGRESSIVE;
				GCC_WARN_UNUSED_FUNCTION = YES;
				GCC_WARN_UNUSED_VARIABLE = YES;
				IPHONEOS_DEPLOYMENT_TARGET = 12.0;
				MTL_ENABLE_DEBUG_INFO = YES;
				ONLY_ACTIVE_ARCH = YES;
				SDKROOT = iphoneos;
				SWIFT_OPTIMIZATION_LEVEL = "-Onone";
				SWIFT_VERSION = 5.0;
			};
			name = Debug;
		};
		607FACEE1AFB9204008FA782 /* Release */ = {
			isa = XCBuildConfiguration;
			buildSettings = {
				ALWAYS_SEARCH_USER_PATHS = NO;
				CLANG_ANALYZER_LOCALIZABILITY_NONLOCALIZED = YES;
				CLANG_CXX_LANGUAGE_STANDARD = "gnu++0x";
				CLANG_CXX_LIBRARY = "libc++";
				CLANG_ENABLE_MODULES = YES;
				CLANG_ENABLE_OBJC_ARC = YES;
				CLANG_WARN_BLOCK_CAPTURE_AUTORELEASING = YES;
				CLANG_WARN_BOOL_CONVERSION = YES;
				CLANG_WARN_COMMA = YES;
				CLANG_WARN_CONSTANT_CONVERSION = YES;
				CLANG_WARN_DEPRECATED_OBJC_IMPLEMENTATIONS = YES;
				CLANG_WARN_DIRECT_OBJC_ISA_USAGE = YES_ERROR;
				CLANG_WARN_EMPTY_BODY = YES;
				CLANG_WARN_ENUM_CONVERSION = YES;
				CLANG_WARN_INFINITE_RECURSION = YES;
				CLANG_WARN_INT_CONVERSION = YES;
				CLANG_WARN_NON_LITERAL_NULL_CONVERSION = YES;
				CLANG_WARN_OBJC_IMPLICIT_RETAIN_SELF = YES;
				CLANG_WARN_OBJC_LITERAL_CONVERSION = YES;
				CLANG_WARN_OBJC_ROOT_CLASS = YES_ERROR;
				CLANG_WARN_QUOTED_INCLUDE_IN_FRAMEWORK_HEADER = YES;
				CLANG_WARN_RANGE_LOOP_ANALYSIS = YES;
				CLANG_WARN_STRICT_PROTOTYPES = YES;
				CLANG_WARN_SUSPICIOUS_MOVE = YES;
				CLANG_WARN_UNREACHABLE_CODE = YES;
				CLANG_WARN__DUPLICATE_METHOD_MATCH = YES;
				"CODE_SIGN_IDENTITY[sdk=iphoneos*]" = "iPhone Developer";
				COPY_PHASE_STRIP = NO;
				DEBUG_INFORMATION_FORMAT = "dwarf-with-dsym";
				ENABLE_NS_ASSERTIONS = NO;
				ENABLE_STRICT_OBJC_MSGSEND = YES;
				GCC_C_LANGUAGE_STANDARD = gnu99;
				GCC_NO_COMMON_BLOCKS = YES;
				GCC_WARN_64_TO_32_BIT_CONVERSION = YES;
				GCC_WARN_ABOUT_RETURN_TYPE = YES_ERROR;
				GCC_WARN_UNDECLARED_SELECTOR = YES;
				GCC_WARN_UNINITIALIZED_AUTOS = YES_AGGRESSIVE;
				GCC_WARN_UNUSED_FUNCTION = YES;
				GCC_WARN_UNUSED_VARIABLE = YES;
				IPHONEOS_DEPLOYMENT_TARGET = 12.0;
				MTL_ENABLE_DEBUG_INFO = NO;
				SDKROOT = iphoneos;
				SWIFT_OPTIMIZATION_LEVEL = "-Owholemodule";
				SWIFT_VERSION = 5.0;
				VALIDATE_PRODUCT = YES;
			};
			name = Release;
		};
		607FACF31AFB9204008FA782 /* Debug */ = {
			isa = XCBuildConfiguration;
			baseConfigurationReference = 6455C0B2D43425514B643939 /* Pods-Pharos_Tests.debug.xcconfig */;
			buildSettings = {
				CLANG_ENABLE_MODULES = YES;
				FRAMEWORK_SEARCH_PATHS = (
					"$(PLATFORM_DIR)/Developer/Library/Frameworks",
					"$(inherited)",
				);
				GCC_PREPROCESSOR_DEFINITIONS = (
					"DEBUG=1",
					"$(inherited)",
				);
				INFOPLIST_FILE = Tests/Info.plist;
				LD_RUNPATH_SEARCH_PATHS = "$(inherited) @executable_path/Frameworks @loader_path/Frameworks";
				PRODUCT_BUNDLE_IDENTIFIER = "org.cocoapods.$(PRODUCT_NAME:rfc1034identifier)";
				PRODUCT_NAME = "$(TARGET_NAME)";
				SWIFT_OBJC_BRIDGING_HEADER = "Tests/Pharos_Tests-Bridging-Header.h";
				SWIFT_OPTIMIZATION_LEVEL = "-Onone";
				SWIFT_SWIFT3_OBJC_INFERENCE = Default;
				SWIFT_VERSION = 5.0;
			};
			name = Debug;
		};
		607FACF41AFB9204008FA782 /* Release */ = {
			isa = XCBuildConfiguration;
			baseConfigurationReference = 8E4E92505E33F1AD20F8D48F /* Pods-Pharos_Tests.release.xcconfig */;
			buildSettings = {
				CLANG_ENABLE_MODULES = YES;
				FRAMEWORK_SEARCH_PATHS = (
					"$(PLATFORM_DIR)/Developer/Library/Frameworks",
					"$(inherited)",
				);
				INFOPLIST_FILE = Tests/Info.plist;
				LD_RUNPATH_SEARCH_PATHS = "$(inherited) @executable_path/Frameworks @loader_path/Frameworks";
				PRODUCT_BUNDLE_IDENTIFIER = "org.cocoapods.$(PRODUCT_NAME:rfc1034identifier)";
				PRODUCT_NAME = "$(TARGET_NAME)";
				SWIFT_OBJC_BRIDGING_HEADER = "Tests/Pharos_Tests-Bridging-Header.h";
				SWIFT_OPTIMIZATION_LEVEL = "-O";
				SWIFT_SWIFT3_OBJC_INFERENCE = Default;
				SWIFT_VERSION = 5.0;
			};
			name = Release;
		};
/* End XCBuildConfiguration section */

/* Begin XCConfigurationList section */
		607FACCB1AFB9204008FA782 /* Build configuration list for PBXProject "Pharos" */ = {
			isa = XCConfigurationList;
			buildConfigurations = (
				607FACED1AFB9204008FA782 /* Debug */,
				607FACEE1AFB9204008FA782 /* Release */,
			);
			defaultConfigurationIsVisible = 0;
			defaultConfigurationName = Release;
		};
		607FACF21AFB9204008FA782 /* Build configuration list for PBXNativeTarget "Pharos_Tests" */ = {
			isa = XCConfigurationList;
			buildConfigurations = (
				607FACF31AFB9204008FA782 /* Debug */,
				607FACF41AFB9204008FA782 /* Release */,
			);
			defaultConfigurationIsVisible = 0;
			defaultConfigurationName = Release;
		};
/* End XCConfigurationList section */
	};
	rootObject = 607FACC81AFB9204008FA782 /* Project object */;
}
